
Microsoft Visual Studio Solution File, Format Version 12.00
# Visual Studio Version 17
VisualStudioVersion = 17.6.33723.286
MinimumVisualStudioVersion = 10.0.40219.1
Project("{9A19103F-16F7-4668-BE54-9A1E7A4F7556}") = "JobPortal_JobConnect", "JobPortal_JobConnect\JobPortal_JobConnect.csproj", "{2A986E15-010F-466B-A13E-F6D856F1345A}"
EndProject
Project("{FAE04EC0-301F-11D3-BF4B-00C04F79EFBC}") = "JobConnect.Shared", "..\JobConnect.Shared\JobConnect.Shared\JobConnect.Shared.csproj", "{1CE1CA18-A883-4CD6-9D29-6E8F9B1D69D5}"
EndProject
Project("{FAE04EC0-301F-11D3-BF4B-00C04F79EFBC}") = "JobConnect_Test", "..\JobConnect_Test\JobConnect_Test\JobConnect_Test.csproj", "{7AE0F642-4436-4416-80AD-20A9BE5D775C}"
EndProject
Global
	GlobalSection(SolutionConfigurationPlatforms) = preSolution
		Debug|Any CPU = Debug|Any CPU
		Release|Any CPU = Release|Any CPU
	EndGlobalSection
	GlobalSection(ProjectConfigurationPlatforms) = postSolution
		{2A986E15-010F-466B-A13E-F6D856F1345A}.Debug|Any CPU.ActiveCfg = Debug|Any CPU
		{2A986E15-010F-466B-A13E-F6D856F1345A}.Debug|Any CPU.Build.0 = Debug|Any CPU
		{2A986E15-010F-466B-A13E-F6D856F1345A}.Release|Any CPU.ActiveCfg = Release|Any CPU
		{2A986E15-010F-466B-A13E-F6D856F1345A}.Release|Any CPU.Build.0 = Release|Any CPU
		{1CE1CA18-A883-4CD6-9D29-6E8F9B1D69D5}.Debug|Any CPU.ActiveCfg = Debug|Any CPU
		{1CE1CA18-A883-4CD6-9D29-6E8F9B1D69D5}.Debug|Any CPU.Build.0 = Debug|Any CPU
		{1CE1CA18-A883-4CD6-9D29-6E8F9B1D69D5}.Release|Any CPU.ActiveCfg = Release|Any CPU
		{1CE1CA18-A883-4CD6-9D29-6E8F9B1D69D5}.Release|Any CPU.Build.0 = Release|Any CPU
		{7AE0F642-4436-4416-80AD-20A9BE5D775C}.Debug|Any CPU.ActiveCfg = Debug|Any CPU
		{7AE0F642-4436-4416-80AD-20A9BE5D775C}.Debug|Any CPU.Build.0 = Debug|Any CPU
		{7AE0F642-4436-4416-80AD-20A9BE5D775C}.Release|Any CPU.ActiveCfg = Release|Any CPU
		{7AE0F642-4436-4416-80AD-20A9BE5D775C}.Release|Any CPU.Build.0 = Release|Any CPU
	EndGlobalSection
	GlobalSection(SolutionProperties) = preSolution
		HideSolutionNode = FALSE
	EndGlobalSection
	GlobalSection(ExtensibilityGlobals) = postSolution
		SolutionGuid = {BECE8071-F402-4FDC-B4AE-30C96F6E0E9E}
	EndGlobalSection
EndGlobal
